// !$*UTF8*$!
{
	archiveVersion = 1;
	classes = {
	};
	objectVersion = 46;
	objects = {

/* Begin PBXBuildFile section */
		220F732D1BCD38DD00EC92D6 /* CookieANE.m in Sources */ = {isa = PBXBuildFile; fileRef = 220F732C1BCD38DD00EC92D6 /* CookieANE.m */; };
/* End PBXBuildFile section */

/* Begin PBXCopyFilesBuildPhase section */
		220F73251BCD38DD00EC92D6 /* CopyFiles */ = {
			isa = PBXCopyFilesBuildPhase;
			buildActionMask = 2147483647;
			dstPath = "include/$(PRODUCT_NAME)";
			dstSubfolderSpec = 16;
			files = (
			);
			runOnlyForDeploymentPostprocessing = 0;
		};
/* End PBXCopyFilesBuildPhase section */

/* Begin PBXFileReference section */
		220F73271BCD38DD00EC92D6 /* libCookieANE.a */ = {isa = PBXFileReference; explicitFileType = archive.ar; includeInIndex = 0; path = libCookieANE.a; sourceTree = BUILT_PRODUCTS_DIR; };
		220F732C1BCD38DD00EC92D6 /* CookieANE.m */ = {isa = PBXFileReference; lastKnownFileType = sourcecode.c.objc; path = CookieANE.m; sourceTree = "<group>"; };
		220F73331BCD396C00EC92D6 /* FlashRuntimeExtensions.h */ = {isa = PBXFileReference; fileEncoding = 4; lastKnownFileType = sourcecode.c.h; path = FlashRuntimeExtensions.h; sourceTree = "<group>"; };
/* End PBXFileReference section */

/* Begin PBXFrameworksBuildPhase section */
		220F73241BCD38DD00EC92D6 /* Frameworks */ = {
			isa = PBXFrameworksBuildPhase;
			buildActionMask = 2147483647;
			files = (
			);
			runOnlyForDeploymentPostprocessing = 0;
		};
/* End PBXFrameworksBuildPhase section */

/* Begin PBXGroup section */
		220F731E1BCD38DD00EC92D6 = {
			isa = PBXGroup;
			children = (
				220F73291BCD38DD00EC92D6 /* CookieANE */,
				220F73281BCD38DD00EC92D6 /* Products */,
			);
			sourceTree = "<group>";
		};
		220F73281BCD38DD00EC92D6 /* Products */ = {
			isa = PBXGroup;
			children = (
				220F73271BCD38DD00EC92D6 /* libCookieANE.a */,
			);
			name = Products;
			sourceTree = "<group>";
		};
		220F73291BCD38DD00EC92D6 /* CookieANE */ = {
			isa = PBXGroup;
			children = (
				220F73331BCD396C00EC92D6 /* FlashRuntimeExtensions.h */,
				220F732C1BCD38DD00EC92D6 /* CookieANE.m */,
			);
			path = CookieANE;
			sourceTree = "<group>";
		};
/* End PBXGroup section */

/* Begin PBXNativeTarget section */
		220F73261BCD38DD00EC92D6 /* CookieANE */ = {
			isa = PBXNativeTarget;
			buildConfigurationList = 220F73301BCD38DD00EC92D6 /* Build configuration list for PBXNativeTarget "CookieANE" */;
			buildPhases = (
				220F73231BCD38DD00EC92D6 /* Sources */,
				220F73241BCD38DD00EC92D6 /* Frameworks */,
				220F73251BCD38DD00EC92D6 /* CopyFiles */,
			);
			buildRules = (
			);
			dependencies = (
			);
			name = CookieANE;
			productName = CookieANE;
			productReference = 220F73271BCD38DD00EC92D6 /* libCookieANE.a */;
			productType = "com.apple.product-type.library.static";
		};
/* End PBXNativeTarget section */

/* Begin PBXProject section */
		220F731F1BCD38DD00EC92D6 /* Project object */ = {
			isa = PBXProject;
			attributes = {
				LastUpgradeCheck = 0700;
				ORGANIZATIONNAME = Tim;
				TargetAttributes = {
					220F73261BCD38DD00EC92D6 = {
						CreatedOnToolsVersion = 7.0.1;
					};
				};
			};
			buildConfigurationList = 220F73221BCD38DD00EC92D6 /* Build configuration list for PBXProject "CookieANE" */;
			compatibilityVersion = "Xcode 3.2";
			developmentRegion = English;
			hasScannedForEncodings = 0;
			knownRegions = (
				en,
			);
			mainGroup = 220F731E1BCD38DD00EC92D6;
			productRefGroup = 220F73281BCD38DD00EC92D6 /* Products */;
			projectDirPath = "";
			projectRoot = "";
			targets = (
				220F73261BCD38DD00EC92D6 /* CookieANE */,
			);
		};
/* End PBXProject section */

/* Begin PBXSourcesBuildPhase section */
		220F73231BCD38DD00EC92D6 /* Sources */ = {
			isa = PBXSourcesBuildPhase;
			buildActionMask = 2147483647;
			files = (
				220F732D1BCD38DD00EC92D6 /* CookieANE.m in Sources */,
			);
			runOnlyForDeploymentPostprocessing = 0;
		};
/* End PBXSourcesBuildPhase section */

/* Begin XCBuildConfiguration section */
		220F732E1BCD38DD00EC92D6 /* Debug */ = {
			isa = XCBuildConfiguration;
			buildSettings = {
				ALWAYS_SEARCH_USER_PATHS = NO;
				CLANG_CXX_LANGUAGE_STANDARD = "gnu++0x";
				CLANG_CXX_LIBRARY = "libc++";
				CLANG_ENABLE_MODULES = YES;
				CLANG_ENABLE_OBJC_ARC = YES;
				CLANG_WARN_BOOL_CONVERSION = YES;
				CLANG_WARN_CONSTANT_CONVERSION = YES;
				CLANG_WARN_DIRECT_OBJC_ISA_USAGE = YES_ERROR;
				CLANG_WARN_EMPTY_BODY = YES;
				CLANG_WARN_ENUM_CONVERSION = YES;
				CLANG_WARN_INT_CONVERSION = YES;
				CLANG_WARN_OBJC_ROOT_CLASS = YES_ERROR;
				CLANG_WARN_UNREACHABLE_CODE = YES;
				CLANG_WARN__DUPLICATE_METHOD_MATCH = YES;
				COPY_PHASE_STRIP = NO;
				DEBUG_INFORMATION_FORMAT = dwarf;
				ENABLE_STRICT_OBJC_MSGSEND = YES;
				ENABLE_TESTABILITY = YES;
				GCC_C_LANGUAGE_STANDARD = gnu99;
				GCC_DYNAMIC_NO_PIC = NO;
				GCC_NO_COMMON_BLOCKS = YES;
				GCC_OPTIMIZATION_LEVEL = 0;
				GCC_PREPROCESSOR_DEFINITIONS = (
					"DEBUG=1",
					"$(inherited)",
				);
				GCC_WARN_64_TO_32_BIT_CONVERSION = YES;
				GCC_WARN_ABOUT_RETURN_TYPE = YES_ERROR;
				GCC_WARN_UNDECLARED_SELECTOR = YES;
				GCC_WARN_UNINITIALIZED_AUTOS = YES_AGGRESSIVE;
				GCC_WARN_UNUSED_FUNCTION = YES;
				GCC_WARN_UNUSED_VARIABLE = YES;
				IPHONEOS_DEPLOYMENT_TARGET = 9.0;
				MTL_ENABLE_DEBUG_INFO = YES;
				ONLY_ACTIVE_ARCH = YES;
				SDKROOT = iphoneos;
			};
			name = Debug;
		};
		220F732F1BCD38DD00EC92D6 /* Release */ = {
			isa = XCBuildConfiguration;
			buildSettings = {
				ALWAYS_SEARCH_USER_PATHS = NO;
				CLANG_CXX_LANGUAGE_STANDARD = "gnu++0x";
				CLANG_CXX_LIBRARY = "libc++";
				CLANG_ENABLE_MODULES = YES;
				CLANG_ENABLE_OBJC_ARC = YES;
				CLANG_WARN_BOOL_CONVERSION = YES;
				CLANG_WARN_CONSTANT_CONVERSION = YES;
				CLANG_WARN_DIRECT_OBJC_ISA_USAGE = YES_ERROR;
				CLANG_WARN_EMPTY_BODY = YES;
				CLANG_WARN_ENUM_CONVERSION = YES;
				CLANG_WARN_INT_CONVERSION = YES;
				CLANG_WARN_OBJC_ROOT_CLASS = YES_ERROR;
				CLANG_WARN_UNREACHABLE_CODE = YES;
				CLANG_WARN__DUPLICATE_METHOD_MATCH = YES;
				COPY_PHASE_STRIP = NO;
				DEBUG_INFORMATION_FORMAT = "dwarf-with-dsym";
				ENABLE_NS_ASSERTIONS = NO;
				ENABLE_STRICT_OBJC_MSGSEND = YES;
				GCC_C_LANGUAGE_STANDARD = gnu99;
				GCC_NO_COMMON_BLOCKS = YES;
				GCC_WARN_64_TO_32_BIT_CONVERSION = YES;
				GCC_WARN_ABOUT_RETURN_TYPE = YES_ERROR;
				GCC_WARN_UNDECLARED_SELECTOR = YES;
				GCC_WARN_UNINITIALIZED_AUTOS = YES_AGGRESSIVE;
				GCC_WARN_UNUSED_FUNCTION = YES;
				GCC_WARN_UNUSED_VARIABLE = YES;
				IPHONEOS_DEPLOYMENT_TARGET = 9.0;
				MTL_ENABLE_DEBUG_INFO = NO;
				SDKROOT = iphoneos;
				VALIDATE_PRODUCT = YES;
			};
			name = Release;
		};
		220F73311BCD38DD00EC92D6 /* Debug */ = {
			isa = XCBuildConfiguration;
			buildSettings = {
				OTHER_LDFLAGS = "-ObjC";
				PRODUCT_NAME = "$(TARGET_NAME)";
				SKIP_INSTALL = YES;
				SYMROOT = /Users/tim/CookieANE/ios/build;
			};
			name = Debug;
		};
		220F73321BCD38DD00EC92D6 /* Release */ = {
			isa = XCBuildConfiguration;
			buildSettings = {
				ONLY_ACTIVE_ARCH = YES;
				OTHER_LDFLAGS = "-ObjC";
				PRODUCT_NAME = "$(TARGET_NAME)";
				SKIP_INSTALL = YES;
				SYMROOT = /Users/tim/CookieANE/ios/build;
			};
			name = Release;
		};
/* End XCBuildConfiguration section */

/* Begin XCConfigurationList section */
		220F73221BCD38DD00EC92D6 /* Build configuration list for PBXProject "CookieANE" */ = {
			isa = XCConfigurationList;
			buildConfigurations = (
				220F732E1BCD38DD00EC92D6 /* Debug */,
				220F732F1BCD38DD00EC92D6 /* Release */,
			);
			defaultConfigurationIsVisible = 0;
			defaultConfigurationName = Release;
		};
		220F73301BCD38DD00EC92D6 /* Build configuration list for PBXNativeTarget "CookieANE" */ = {
			isa = XCConfigurationList;
			buildConfigurations = (
				220F73311BCD38DD00EC92D6 /* Debug */,
				220F73321BCD38DD00EC92D6 /* Release */,
			);
			defaultConfigurationIsVisible = 0;
			defaultConfigurationName = Release;
		};
/* End XCConfigurationList section */
	};
	rootObject = 220F731F1BCD38DD00EC92D6 /* Project object */;
}
